
Microsoft Visual Studio Solution File, Format Version 12.00
# Visual Studio 15
VisualStudioVersion = 15.0.27703.2035
MinimumVisualStudioVersion = 10.0.40219.1
Project("{FAE04EC0-301F-11D3-BF4B-00C04F79EFBC}") = "TechgigInnomindsBot", "TechgigInnomindsBot\TechgigInnomindsBot.csproj", "{00DB6943-AAF4-4CA9-BB65-2FBDC9C02F94}"
EndProject
Project("{FAE04EC0-301F-11D3-BF4B-00C04F79EFBC}") = "Microsoft.Bot.Builder.CognitiveServices.QnAMaker", "QnAMaker\Microsoft.Bot.Builder.CognitiveServices.QnAMaker.csproj", "{CBFE0D35-D6C2-4B25-A498-CFC474A2C3A5}"
EndProject
Global
	GlobalSection(SolutionConfigurationPlatforms) = preSolution
		Debug|Any CPU = Debug|Any CPU
		Release|Any CPU = Release|Any CPU
	EndGlobalSection
	GlobalSection(ProjectConfigurationPlatforms) = postSolution
		{00DB6943-AAF4-4CA9-BB65-2FBDC9C02F94}.Debug|Any CPU.ActiveCfg = Debug|Any CPU
		{00DB6943-AAF4-4CA9-BB65-2FBDC9C02F94}.Debug|Any CPU.Build.0 = Debug|Any CPU
		{00DB6943-AAF4-4CA9-BB65-2FBDC9C02F94}.Release|Any CPU.ActiveCfg = Release|Any CPU
		{00DB6943-AAF4-4CA9-BB65-2FBDC9C02F94}.Release|Any CPU.Build.0 = Release|Any CPU
		{CBFE0D35-D6C2-4B25-A498-CFC474A2C3A5}.Debug|Any CPU.ActiveCfg = Debug|Any CPU
		{CBFE0D35-D6C2-4B25-A498-CFC474A2C3A5}.Debug|Any CPU.Build.0 = Debug|Any CPU
		{CBFE0D35-D6C2-4B25-A498-CFC474A2C3A5}.Release|Any CPU.ActiveCfg = Release|Any CPU
		{CBFE0D35-D6C2-4B25-A498-CFC474A2C3A5}.Release|Any CPU.Build.0 = Release|Any CPU
	EndGlobalSection
	GlobalSection(SolutionProperties) = preSolution
		HideSolutionNode = FALSE
	EndGlobalSection
	GlobalSection(ExtensibilityGlobals) = postSolution
		SolutionGuid = {8D45EDD3-EAB0-4902-B2CA-586924ACC129}
	EndGlobalSection
EndGlobal
